
Microsoft Visual Studio Solution File, Format Version 12.00
# Visual Studio 15
VisualStudioVersion = 15.0.27703.2035
MinimumVisualStudioVersion = 10.0.40219.1
Project("{FAE04EC0-301F-11D3-BF4B-00C04F79EFBC}") = "ProjectStructure.Domain", "AppCore\ProjectStructure.Domain\ProjectStructure.Domain.csproj", "{090F2B0C-CED6-4616-A72A-C43DAF554AFB}"
EndProject
Global
	GlobalSection(SolutionConfigurationPlatforms) = preSolution
		Debug|Any CPU = Debug|Any CPU
		Release|Any CPU = Release|Any CPU
	EndGlobalSection
	GlobalSection(ProjectConfigurationPlatforms) = postSolution
		{090F2B0C-CED6-4616-A72A-C43DAF554AFB}.Debug|Any CPU.ActiveCfg = Debug|Any CPU
		{090F2B0C-CED6-4616-A72A-C43DAF554AFB}.Debug|Any CPU.Build.0 = Debug|Any CPU
		{090F2B0C-CED6-4616-A72A-C43DAF554AFB}.Release|Any CPU.ActiveCfg = Release|Any CPU
		{090F2B0C-CED6-4616-A72A-C43DAF554AFB}.Release|Any CPU.Build.0 = Release|Any CPU
	EndGlobalSection
	GlobalSection(SolutionProperties) = preSolution
		HideSolutionNode = FALSE
	EndGlobalSection
	GlobalSection(ExtensibilityGlobals) = postSolution
		SolutionGuid = {AF191A65-56CF-4DE7-ADDF-3FEA1E4798E8}
	EndGlobalSection
EndGlobal
