
Microsoft Visual Studio Solution File, Format Version 12.00
# Visual Studio 15
VisualStudioVersion = 15.0.27703.2035
MinimumVisualStudioVersion = 10.0.40219.1
Project("{9A19103F-16F7-4668-BE54-9A1E7A4F7556}") = "ProjectStructure.Domain", "AppCore\ProjectStructure.Domain\ProjectStructure.Domain.csproj", "{090F2B0C-CED6-4616-A72A-C43DAF554AFB}"
EndProject
Project("{2150E333-8FDC-42A3-9474-1A3956D46DE8}") = "Domain", "Domain", "{043F8771-5051-41E1-9575-9B20BAF567B5}"
EndProject
Project("{2150E333-8FDC-42A3-9474-1A3956D46DE8}") = "AppCore", "AppCore", "{0877A8D5-C357-4A5B-8FC2-1378B80A860F}"
EndProject
Project("{2150E333-8FDC-42A3-9474-1A3956D46DE8}") = "DomainServices", "DomainServices", "{2E9BB411-DD85-494A-8501-22E5A32A96D5}"
EndProject
Project("{2150E333-8FDC-42A3-9474-1A3956D46DE8}") = "AppServices", "AppServices", "{686510E6-F128-4822-B702-08120AB721E7}"
EndProject
Project("{9A19103F-16F7-4668-BE54-9A1E7A4F7556}") = "ProjectStructure.Services.Interfaces", "AppCore\ProjectStructure.Services.Interfaces\ProjectStructure.Services.Interfaces.csproj", "{BC7DDBEB-119B-49A8-A637-5B8EEA3A3347}"
EndProject
Project("{2150E333-8FDC-42A3-9474-1A3956D46DE8}") = "Infrastructure", "Infrastructure", "{4B074511-931D-40C8-9FB7-7C36A19BA30A}"
EndProject
Project("{2150E333-8FDC-42A3-9474-1A3956D46DE8}") = "AppExternal", "AppExternal", "{6320DBB2-B693-495B-A9CE-AE1088DAF2F5}"
EndProject
Project("{2150E333-8FDC-42A3-9474-1A3956D46DE8}") = "WebApi", "WebApi", "{21F00B33-FFFF-42C7-ADD5-62A20FBF8C63}"
EndProject
Project("{9A19103F-16F7-4668-BE54-9A1E7A4F7556}") = "ProjectStructure.WebApi", "ExternalLayer\WebApi\ProjectStructure.WebApi\ProjectStructure.WebApi.csproj", "{8645F7CB-5AB0-4592-A7C3-B0DAE676F0E6}"
EndProject
Project("{9A19103F-16F7-4668-BE54-9A1E7A4F7556}") = "ProjectStructure.Domain.Interfaces", "AppCore\ProjectStructure.Domain.Interfaces\ProjectStructure.Domain.Interfaces.csproj", "{5941CD19-DE98-4775-95C0-166988A86B95}"
EndProject
Project("{2150E333-8FDC-42A3-9474-1A3956D46DE8}") = "Tests", "Tests", "{4C2E4439-1ACB-45EF-A613-7B8B1267F543}"
EndProject
Project("{9A19103F-16F7-4668-BE54-9A1E7A4F7556}") = "ProjectStructure.Infrastructure.Data.Memory", "ExternalLayer\Infrastructure\ProjectStructure.Infrastructure.Data.Memory\ProjectStructure.Infrastructure.Data.Memory.csproj", "{6A089B41-BFB3-4DF7-9460-AE94FF698B28}"
EndProject
Project("{2150E333-8FDC-42A3-9474-1A3956D46DE8}") = "Shared", "Shared", "{AEE86E3A-1C6B-4CC3-B298-942541CB547E}"
EndProject
Project("{9A19103F-16F7-4668-BE54-9A1E7A4F7556}") = "ProjectStructure.Infrastructure.Shared", "ExternalLayer\Infrastructure\ProjectStructure.Infrastructure.Shared\ProjectStructure.Infrastructure.Shared.csproj", "{37470E4D-C6CF-4F36-9BCC-67E73517F5B9}"
EndProject
Project("{9A19103F-16F7-4668-BE54-9A1E7A4F7556}") = "ProjectStructure.Infrastructure.BL", "ExternalLayer\Infrastructure\ProjectStructure.Infrastructure.BL\ProjectStructure.Infrastructure.BL.csproj", "{E4DFA297-7B1B-4DFE-85D7-803CF573E8CE}"
EndProject
Project("{9A19103F-16F7-4668-BE54-9A1E7A4F7556}") = "ProjectStructure.Infrastructure.Data", "ExternalLayer\Infrastructure\ProjectStructure.Infrastructure.Data\ProjectStructure.Infrastructure.Data.csproj", "{66B04201-BE33-4E8F-BF9E-6340017637C5}"
EndProject
Global
	GlobalSection(SolutionConfigurationPlatforms) = preSolution
		Debug|Any CPU = Debug|Any CPU
		Release|Any CPU = Release|Any CPU
	EndGlobalSection
	GlobalSection(ProjectConfigurationPlatforms) = postSolution
		{090F2B0C-CED6-4616-A72A-C43DAF554AFB}.Debug|Any CPU.ActiveCfg = Debug|Any CPU
		{090F2B0C-CED6-4616-A72A-C43DAF554AFB}.Debug|Any CPU.Build.0 = Debug|Any CPU
		{090F2B0C-CED6-4616-A72A-C43DAF554AFB}.Release|Any CPU.ActiveCfg = Release|Any CPU
		{090F2B0C-CED6-4616-A72A-C43DAF554AFB}.Release|Any CPU.Build.0 = Release|Any CPU
		{BC7DDBEB-119B-49A8-A637-5B8EEA3A3347}.Debug|Any CPU.ActiveCfg = Debug|Any CPU
		{BC7DDBEB-119B-49A8-A637-5B8EEA3A3347}.Debug|Any CPU.Build.0 = Debug|Any CPU
		{BC7DDBEB-119B-49A8-A637-5B8EEA3A3347}.Release|Any CPU.ActiveCfg = Release|Any CPU
		{BC7DDBEB-119B-49A8-A637-5B8EEA3A3347}.Release|Any CPU.Build.0 = Release|Any CPU
		{8645F7CB-5AB0-4592-A7C3-B0DAE676F0E6}.Debug|Any CPU.ActiveCfg = Debug|Any CPU
		{8645F7CB-5AB0-4592-A7C3-B0DAE676F0E6}.Debug|Any CPU.Build.0 = Debug|Any CPU
		{8645F7CB-5AB0-4592-A7C3-B0DAE676F0E6}.Release|Any CPU.ActiveCfg = Release|Any CPU
		{8645F7CB-5AB0-4592-A7C3-B0DAE676F0E6}.Release|Any CPU.Build.0 = Release|Any CPU
		{5941CD19-DE98-4775-95C0-166988A86B95}.Debug|Any CPU.ActiveCfg = Debug|Any CPU
		{5941CD19-DE98-4775-95C0-166988A86B95}.Debug|Any CPU.Build.0 = Debug|Any CPU
		{5941CD19-DE98-4775-95C0-166988A86B95}.Release|Any CPU.ActiveCfg = Release|Any CPU
		{5941CD19-DE98-4775-95C0-166988A86B95}.Release|Any CPU.Build.0 = Release|Any CPU
		{6A089B41-BFB3-4DF7-9460-AE94FF698B28}.Debug|Any CPU.ActiveCfg = Debug|Any CPU
		{6A089B41-BFB3-4DF7-9460-AE94FF698B28}.Debug|Any CPU.Build.0 = Debug|Any CPU
		{6A089B41-BFB3-4DF7-9460-AE94FF698B28}.Release|Any CPU.ActiveCfg = Release|Any CPU
		{6A089B41-BFB3-4DF7-9460-AE94FF698B28}.Release|Any CPU.Build.0 = Release|Any CPU
		{37470E4D-C6CF-4F36-9BCC-67E73517F5B9}.Debug|Any CPU.ActiveCfg = Debug|Any CPU
		{37470E4D-C6CF-4F36-9BCC-67E73517F5B9}.Debug|Any CPU.Build.0 = Debug|Any CPU
		{37470E4D-C6CF-4F36-9BCC-67E73517F5B9}.Release|Any CPU.ActiveCfg = Release|Any CPU
		{37470E4D-C6CF-4F36-9BCC-67E73517F5B9}.Release|Any CPU.Build.0 = Release|Any CPU
		{E4DFA297-7B1B-4DFE-85D7-803CF573E8CE}.Debug|Any CPU.ActiveCfg = Debug|Any CPU
		{E4DFA297-7B1B-4DFE-85D7-803CF573E8CE}.Debug|Any CPU.Build.0 = Debug|Any CPU
		{E4DFA297-7B1B-4DFE-85D7-803CF573E8CE}.Release|Any CPU.ActiveCfg = Release|Any CPU
		{E4DFA297-7B1B-4DFE-85D7-803CF573E8CE}.Release|Any CPU.Build.0 = Release|Any CPU
		{66B04201-BE33-4E8F-BF9E-6340017637C5}.Debug|Any CPU.ActiveCfg = Debug|Any CPU
		{66B04201-BE33-4E8F-BF9E-6340017637C5}.Debug|Any CPU.Build.0 = Debug|Any CPU
		{66B04201-BE33-4E8F-BF9E-6340017637C5}.Release|Any CPU.ActiveCfg = Release|Any CPU
		{66B04201-BE33-4E8F-BF9E-6340017637C5}.Release|Any CPU.Build.0 = Release|Any CPU
	EndGlobalSection
	GlobalSection(SolutionProperties) = preSolution
		HideSolutionNode = FALSE
	EndGlobalSection
	GlobalSection(NestedProjects) = preSolution
		{090F2B0C-CED6-4616-A72A-C43DAF554AFB} = {043F8771-5051-41E1-9575-9B20BAF567B5}
		{043F8771-5051-41E1-9575-9B20BAF567B5} = {0877A8D5-C357-4A5B-8FC2-1378B80A860F}
		{2E9BB411-DD85-494A-8501-22E5A32A96D5} = {0877A8D5-C357-4A5B-8FC2-1378B80A860F}
		{686510E6-F128-4822-B702-08120AB721E7} = {0877A8D5-C357-4A5B-8FC2-1378B80A860F}
		{BC7DDBEB-119B-49A8-A637-5B8EEA3A3347} = {686510E6-F128-4822-B702-08120AB721E7}
		{4B074511-931D-40C8-9FB7-7C36A19BA30A} = {6320DBB2-B693-495B-A9CE-AE1088DAF2F5}
		{21F00B33-FFFF-42C7-ADD5-62A20FBF8C63} = {6320DBB2-B693-495B-A9CE-AE1088DAF2F5}
		{8645F7CB-5AB0-4592-A7C3-B0DAE676F0E6} = {21F00B33-FFFF-42C7-ADD5-62A20FBF8C63}
		{5941CD19-DE98-4775-95C0-166988A86B95} = {2E9BB411-DD85-494A-8501-22E5A32A96D5}
		{4C2E4439-1ACB-45EF-A613-7B8B1267F543} = {6320DBB2-B693-495B-A9CE-AE1088DAF2F5}
		{6A089B41-BFB3-4DF7-9460-AE94FF698B28} = {4B074511-931D-40C8-9FB7-7C36A19BA30A}
		{AEE86E3A-1C6B-4CC3-B298-942541CB547E} = {6320DBB2-B693-495B-A9CE-AE1088DAF2F5}
		{37470E4D-C6CF-4F36-9BCC-67E73517F5B9} = {AEE86E3A-1C6B-4CC3-B298-942541CB547E}
		{E4DFA297-7B1B-4DFE-85D7-803CF573E8CE} = {4B074511-931D-40C8-9FB7-7C36A19BA30A}
		{66B04201-BE33-4E8F-BF9E-6340017637C5} = {4B074511-931D-40C8-9FB7-7C36A19BA30A}
	EndGlobalSection
	GlobalSection(ExtensibilityGlobals) = postSolution
		SolutionGuid = {AF191A65-56CF-4DE7-ADDF-3FEA1E4798E8}
	EndGlobalSection
EndGlobal
